
Microsoft Visual Studio Solution File, Format Version 12.00
# Visual Studio 2013
VisualStudioVersion = 12.0.21005.1
MinimumVisualStudioVersion = 10.0.40219.1
Project("{FAE04EC0-301F-11D3-BF4B-00C04F79EFBC}") = "Player", "Player\Player.csproj", "{76F0A9E1-31DA-4CE4-9E7E-DDFB5B76CCA4}"
EndProject
Project("{FAE04EC0-301F-11D3-BF4B-00C04F79EFBC}") = "SDKLibrary", "SDKLibrary\SDKLibrary.csproj", "{3737C920-0D76-4FBB-8EC9-14FEA4E37C18}"
EndProject
Project("{FAE04EC0-301F-11D3-BF4B-00C04F79EFBC}") = "DVRSDK", "DVRSDK\DVRSDK.csproj", "{AB01728C-2D53-4AA3-B175-FE6CEA989943}"
EndProject
Project("{FAE04EC0-301F-11D3-BF4B-00C04F79EFBC}") = "Demo", "PlayeView\Demo.csproj", "{B069FCA9-35D3-4ACE-86C0-6B8BF91B58B7}"
EndProject
Project("{54435603-DBB4-11D2-8724-00A0C9A8B90C}") = "Setup", "Setup\Setup.vdproj", "{06F4CD55-2538-4659-A57E-AC382D7DC699}"
EndProject
Project("{6141683F-8A12-4E36-9623-2EB02B2C2303}") = "Setup1", "Setup1\Setup1.isproj", "{948B957B-D3AB-4945-B309-A814AB369FC3}"
	ProjectSection(ProjectDependencies) = postProject
		{76F0A9E1-31DA-4CE4-9E7E-DDFB5B76CCA4} = {76F0A9E1-31DA-4CE4-9E7E-DDFB5B76CCA4}
	EndProjectSection
EndProject
Global
	GlobalSection(SolutionConfigurationPlatforms) = preSolution
		CD_ROM|Any CPU = CD_ROM|Any CPU
		CD_ROM|x86 = CD_ROM|x86
		Debug|Any CPU = Debug|Any CPU
		Debug|x86 = Debug|x86
		DVD-5|Any CPU = DVD-5|Any CPU
		DVD-5|x86 = DVD-5|x86
		Release|Any CPU = Release|Any CPU
		Release|x86 = Release|x86
		SingleImage|Any CPU = SingleImage|Any CPU
		SingleImage|x86 = SingleImage|x86
	EndGlobalSection
	GlobalSection(ProjectConfigurationPlatforms) = postSolution
		{76F0A9E1-31DA-4CE4-9E7E-DDFB5B76CCA4}.CD_ROM|Any CPU.ActiveCfg = Release|Any CPU
		{76F0A9E1-31DA-4CE4-9E7E-DDFB5B76CCA4}.CD_ROM|Any CPU.Build.0 = Release|Any CPU
		{76F0A9E1-31DA-4CE4-9E7E-DDFB5B76CCA4}.CD_ROM|x86.ActiveCfg = Release|x86
		{76F0A9E1-31DA-4CE4-9E7E-DDFB5B76CCA4}.CD_ROM|x86.Build.0 = Release|x86
		{76F0A9E1-31DA-4CE4-9E7E-DDFB5B76CCA4}.Debug|Any CPU.ActiveCfg = Debug|Any CPU
		{76F0A9E1-31DA-4CE4-9E7E-DDFB5B76CCA4}.Debug|Any CPU.Build.0 = Debug|Any CPU
		{76F0A9E1-31DA-4CE4-9E7E-DDFB5B76CCA4}.Debug|x86.ActiveCfg = Debug|x86
		{76F0A9E1-31DA-4CE4-9E7E-DDFB5B76CCA4}.Debug|x86.Build.0 = Debug|x86
		{76F0A9E1-31DA-4CE4-9E7E-DDFB5B76CCA4}.DVD-5|Any CPU.ActiveCfg = Debug|Any CPU
		{76F0A9E1-31DA-4CE4-9E7E-DDFB5B76CCA4}.DVD-5|Any CPU.Build.0 = Debug|Any CPU
		{76F0A9E1-31DA-4CE4-9E7E-DDFB5B76CCA4}.DVD-5|x86.ActiveCfg = Debug|x86
		{76F0A9E1-31DA-4CE4-9E7E-DDFB5B76CCA4}.DVD-5|x86.Build.0 = Debug|x86
		{76F0A9E1-31DA-4CE4-9E7E-DDFB5B76CCA4}.Release|Any CPU.ActiveCfg = Release|Any CPU
		{76F0A9E1-31DA-4CE4-9E7E-DDFB5B76CCA4}.Release|Any CPU.Build.0 = Release|Any CPU
		{76F0A9E1-31DA-4CE4-9E7E-DDFB5B76CCA4}.Release|x86.ActiveCfg = Release|x86
		{76F0A9E1-31DA-4CE4-9E7E-DDFB5B76CCA4}.Release|x86.Build.0 = Release|x86
		{76F0A9E1-31DA-4CE4-9E7E-DDFB5B76CCA4}.SingleImage|Any CPU.ActiveCfg = Release|Any CPU
		{76F0A9E1-31DA-4CE4-9E7E-DDFB5B76CCA4}.SingleImage|Any CPU.Build.0 = Release|Any CPU
		{76F0A9E1-31DA-4CE4-9E7E-DDFB5B76CCA4}.SingleImage|x86.ActiveCfg = Release|x86
		{76F0A9E1-31DA-4CE4-9E7E-DDFB5B76CCA4}.SingleImage|x86.Build.0 = Release|x86
		{3737C920-0D76-4FBB-8EC9-14FEA4E37C18}.CD_ROM|Any CPU.ActiveCfg = Release|Any CPU
		{3737C920-0D76-4FBB-8EC9-14FEA4E37C18}.CD_ROM|Any CPU.Build.0 = Release|Any CPU
		{3737C920-0D76-4FBB-8EC9-14FEA4E37C18}.CD_ROM|x86.ActiveCfg = Release|x86
		{3737C920-0D76-4FBB-8EC9-14FEA4E37C18}.CD_ROM|x86.Build.0 = Release|x86
		{3737C920-0D76-4FBB-8EC9-14FEA4E37C18}.Debug|Any CPU.ActiveCfg = Debug|Any CPU
		{3737C920-0D76-4FBB-8EC9-14FEA4E37C18}.Debug|Any CPU.Build.0 = Debug|Any CPU
		{3737C920-0D76-4FBB-8EC9-14FEA4E37C18}.Debug|x86.ActiveCfg = Debug|x86
		{3737C920-0D76-4FBB-8EC9-14FEA4E37C18}.Debug|x86.Build.0 = Debug|x86
		{3737C920-0D76-4FBB-8EC9-14FEA4E37C18}.DVD-5|Any CPU.ActiveCfg = Debug|Any CPU
		{3737C920-0D76-4FBB-8EC9-14FEA4E37C18}.DVD-5|Any CPU.Build.0 = Debug|Any CPU
		{3737C920-0D76-4FBB-8EC9-14FEA4E37C18}.DVD-5|x86.ActiveCfg = Debug|x86
		{3737C920-0D76-4FBB-8EC9-14FEA4E37C18}.DVD-5|x86.Build.0 = Debug|x86
		{3737C920-0D76-4FBB-8EC9-14FEA4E37C18}.Release|Any CPU.ActiveCfg = Release|Any CPU
		{3737C920-0D76-4FBB-8EC9-14FEA4E37C18}.Release|Any CPU.Build.0 = Release|Any CPU
		{3737C920-0D76-4FBB-8EC9-14FEA4E37C18}.Release|x86.ActiveCfg = Release|x86
		{3737C920-0D76-4FBB-8EC9-14FEA4E37C18}.Release|x86.Build.0 = Release|x86
		{3737C920-0D76-4FBB-8EC9-14FEA4E37C18}.SingleImage|Any CPU.ActiveCfg = Release|Any CPU
		{3737C920-0D76-4FBB-8EC9-14FEA4E37C18}.SingleImage|Any CPU.Build.0 = Release|Any CPU
		{3737C920-0D76-4FBB-8EC9-14FEA4E37C18}.SingleImage|x86.ActiveCfg = Release|x86
		{3737C920-0D76-4FBB-8EC9-14FEA4E37C18}.SingleImage|x86.Build.0 = Release|x86
		{AB01728C-2D53-4AA3-B175-FE6CEA989943}.CD_ROM|Any CPU.ActiveCfg = Release|Any CPU
		{AB01728C-2D53-4AA3-B175-FE6CEA989943}.CD_ROM|Any CPU.Build.0 = Release|Any CPU
		{AB01728C-2D53-4AA3-B175-FE6CEA989943}.CD_ROM|x86.ActiveCfg = Release|x86
		{AB01728C-2D53-4AA3-B175-FE6CEA989943}.CD_ROM|x86.Build.0 = Release|x86
		{AB01728C-2D53-4AA3-B175-FE6CEA989943}.Debug|Any CPU.ActiveCfg = Debug|Any CPU
		{AB01728C-2D53-4AA3-B175-FE6CEA989943}.Debug|Any CPU.Build.0 = Debug|Any CPU
		{AB01728C-2D53-4AA3-B175-FE6CEA989943}.Debug|x86.ActiveCfg = Debug|x86
		{AB01728C-2D53-4AA3-B175-FE6CEA989943}.Debug|x86.Build.0 = Debug|x86
		{AB01728C-2D53-4AA3-B175-FE6CEA989943}.DVD-5|Any CPU.ActiveCfg = Debug|Any CPU
		{AB01728C-2D53-4AA3-B175-FE6CEA989943}.DVD-5|Any CPU.Build.0 = Debug|Any CPU
		{AB01728C-2D53-4AA3-B175-FE6CEA989943}.DVD-5|x86.ActiveCfg = Debug|x86
		{AB01728C-2D53-4AA3-B175-FE6CEA989943}.DVD-5|x86.Build.0 = Debug|x86
		{AB01728C-2D53-4AA3-B175-FE6CEA989943}.Release|Any CPU.ActiveCfg = Release|Any CPU
		{AB01728C-2D53-4AA3-B175-FE6CEA989943}.Release|Any CPU.Build.0 = Release|Any CPU
		{AB01728C-2D53-4AA3-B175-FE6CEA989943}.Release|x86.ActiveCfg = Release|x86
		{AB01728C-2D53-4AA3-B175-FE6CEA989943}.Release|x86.Build.0 = Release|x86
		{AB01728C-2D53-4AA3-B175-FE6CEA989943}.SingleImage|Any CPU.ActiveCfg = Release|Any CPU
		{AB01728C-2D53-4AA3-B175-FE6CEA989943}.SingleImage|Any CPU.Build.0 = Release|Any CPU
		{AB01728C-2D53-4AA3-B175-FE6CEA989943}.SingleImage|x86.ActiveCfg = Release|x86
		{AB01728C-2D53-4AA3-B175-FE6CEA989943}.SingleImage|x86.Build.0 = Release|x86
		{B069FCA9-35D3-4ACE-86C0-6B8BF91B58B7}.CD_ROM|Any CPU.ActiveCfg = Release|Any CPU
		{B069FCA9-35D3-4ACE-86C0-6B8BF91B58B7}.CD_ROM|Any CPU.Build.0 = Release|Any CPU
		{B069FCA9-35D3-4ACE-86C0-6B8BF91B58B7}.CD_ROM|x86.ActiveCfg = Release|Any CPU
		{B069FCA9-35D3-4ACE-86C0-6B8BF91B58B7}.CD_ROM|x86.Build.0 = Release|Any CPU
		{B069FCA9-35D3-4ACE-86C0-6B8BF91B58B7}.Debug|Any CPU.ActiveCfg = Debug|Any CPU
		{B069FCA9-35D3-4ACE-86C0-6B8BF91B58B7}.Debug|Any CPU.Build.0 = Debug|Any CPU
		{B069FCA9-35D3-4ACE-86C0-6B8BF91B58B7}.Debug|x86.ActiveCfg = Debug|Any CPU
		{B069FCA9-35D3-4ACE-86C0-6B8BF91B58B7}.Debug|x86.Build.0 = Debug|Any CPU
		{B069FCA9-35D3-4ACE-86C0-6B8BF91B58B7}.DVD-5|Any CPU.ActiveCfg = Debug|Any CPU
		{B069FCA9-35D3-4ACE-86C0-6B8BF91B58B7}.DVD-5|Any CPU.Build.0 = Debug|Any CPU
		{B069FCA9-35D3-4ACE-86C0-6B8BF91B58B7}.DVD-5|x86.ActiveCfg = Debug|Any CPU
		{B069FCA9-35D3-4ACE-86C0-6B8BF91B58B7}.DVD-5|x86.Build.0 = Debug|Any CPU
		{B069FCA9-35D3-4ACE-86C0-6B8BF91B58B7}.Release|Any CPU.ActiveCfg = Release|Any CPU
		{B069FCA9-35D3-4ACE-86C0-6B8BF91B58B7}.Release|Any CPU.Build.0 = Release|Any CPU
		{B069FCA9-35D3-4ACE-86C0-6B8BF91B58B7}.Release|x86.ActiveCfg = Release|Any CPU
		{B069FCA9-35D3-4ACE-86C0-6B8BF91B58B7}.Release|x86.Build.0 = Release|Any CPU
		{B069FCA9-35D3-4ACE-86C0-6B8BF91B58B7}.SingleImage|Any CPU.ActiveCfg = Release|Any CPU
		{B069FCA9-35D3-4ACE-86C0-6B8BF91B58B7}.SingleImage|Any CPU.Build.0 = Release|Any CPU
		{B069FCA9-35D3-4ACE-86C0-6B8BF91B58B7}.SingleImage|x86.ActiveCfg = Release|Any CPU
		{B069FCA9-35D3-4ACE-86C0-6B8BF91B58B7}.SingleImage|x86.Build.0 = Release|Any CPU
		{06F4CD55-2538-4659-A57E-AC382D7DC699}.CD_ROM|Any CPU.ActiveCfg = Release
		{06F4CD55-2538-4659-A57E-AC382D7DC699}.CD_ROM|x86.ActiveCfg = Release
		{06F4CD55-2538-4659-A57E-AC382D7DC699}.Debug|Any CPU.ActiveCfg = Debug
		{06F4CD55-2538-4659-A57E-AC382D7DC699}.Debug|x86.ActiveCfg = Debug
		{06F4CD55-2538-4659-A57E-AC382D7DC699}.DVD-5|Any CPU.ActiveCfg = Debug
		{06F4CD55-2538-4659-A57E-AC382D7DC699}.DVD-5|x86.ActiveCfg = Debug
		{06F4CD55-2538-4659-A57E-AC382D7DC699}.Release|Any CPU.ActiveCfg = Release
		{06F4CD55-2538-4659-A57E-AC382D7DC699}.Release|x86.ActiveCfg = Release
		{06F4CD55-2538-4659-A57E-AC382D7DC699}.SingleImage|Any CPU.ActiveCfg = Release
		{06F4CD55-2538-4659-A57E-AC382D7DC699}.SingleImage|x86.ActiveCfg = Release
		{948B957B-D3AB-4945-B309-A814AB369FC3}.CD_ROM|Any CPU.ActiveCfg = CD_ROM
		{948B957B-D3AB-4945-B309-A814AB369FC3}.CD_ROM|Any CPU.Build.0 = CD_ROM
		{948B957B-D3AB-4945-B309-A814AB369FC3}.CD_ROM|x86.ActiveCfg = CD_ROM
		{948B957B-D3AB-4945-B309-A814AB369FC3}.CD_ROM|x86.Build.0 = CD_ROM
		{948B957B-D3AB-4945-B309-A814AB369FC3}.Debug|Any CPU.ActiveCfg = DVD-5
		{948B957B-D3AB-4945-B309-A814AB369FC3}.Debug|Any CPU.Build.0 = DVD-5
		{948B957B-D3AB-4945-B309-A814AB369FC3}.Debug|x86.ActiveCfg = DVD-5
		{948B957B-D3AB-4945-B309-A814AB369FC3}.Debug|x86.Build.0 = DVD-5
		{948B957B-D3AB-4945-B309-A814AB369FC3}.DVD-5|Any CPU.ActiveCfg = DVD-5
		{948B957B-D3AB-4945-B309-A814AB369FC3}.DVD-5|Any CPU.Build.0 = DVD-5
		{948B957B-D3AB-4945-B309-A814AB369FC3}.DVD-5|x86.ActiveCfg = DVD-5
		{948B957B-D3AB-4945-B309-A814AB369FC3}.DVD-5|x86.Build.0 = DVD-5
		{948B957B-D3AB-4945-B309-A814AB369FC3}.Release|Any CPU.ActiveCfg = SingleImage
		{948B957B-D3AB-4945-B309-A814AB369FC3}.Release|Any CPU.Build.0 = SingleImage
		{948B957B-D3AB-4945-B309-A814AB369FC3}.Release|x86.ActiveCfg = SingleImage
		{948B957B-D3AB-4945-B309-A814AB369FC3}.Release|x86.Build.0 = SingleImage
		{948B957B-D3AB-4945-B309-A814AB369FC3}.SingleImage|Any CPU.ActiveCfg = SingleImage
		{948B957B-D3AB-4945-B309-A814AB369FC3}.SingleImage|Any CPU.Build.0 = SingleImage
		{948B957B-D3AB-4945-B309-A814AB369FC3}.SingleImage|x86.ActiveCfg = SingleImage
		{948B957B-D3AB-4945-B309-A814AB369FC3}.SingleImage|x86.Build.0 = SingleImage
	EndGlobalSection
	GlobalSection(SolutionProperties) = preSolution
		HideSolutionNode = FALSE
	EndGlobalSection
EndGlobal
